// !$*UTF8*$!
{
	archiveVersion = 1;
	classes = {
	};
	objectVersion = 48;
	objects = {

/* Begin PBXBuildFile section */
		8D256E3B21070FD4006D5C7B /* AppDelegate.swift in Sources */ = {isa = PBXBuildFile; fileRef = 8D256E3A21070FD4006D5C7B /* AppDelegate.swift */; };
		8D256E4321070FD4006D5C7B /* CleanIndia.xcdatamodeld in Sources */ = {isa = PBXBuildFile; fileRef = 8D256E4121070FD4006D5C7B /* CleanIndia.xcdatamodeld */; };
		8D256E4521070FD4006D5C7B /* Assets.xcassets in Resources */ = {isa = PBXBuildFile; fileRef = 8D256E4421070FD4006D5C7B /* Assets.xcassets */; };
		8D256E5321070FD4006D5C7B /* CleanIndiaTests.swift in Sources */ = {isa = PBXBuildFile; fileRef = 8D256E5221070FD4006D5C7B /* CleanIndiaTests.swift */; };
		8D256E5E21070FD4006D5C7B /* CleanIndiaUITests.swift in Sources */ = {isa = PBXBuildFile; fileRef = 8D256E5D21070FD4006D5C7B /* CleanIndiaUITests.swift */; };
		8DD28D21210713F000F1529A /* Main.storyboard in Resources */ = {isa = PBXBuildFile; fileRef = 8DD28D0C210713F000F1529A /* Main.storyboard */; };
		8DD28D22210713F000F1529A /* GoogleService-Info.plist in Resources */ = {isa = PBXBuildFile; fileRef = 8DD28D0D210713F000F1529A /* GoogleService-Info.plist */; };
		8DD28D23210713F000F1529A /* LaunchScreen.storyboard in Resources */ = {isa = PBXBuildFile; fileRef = 8DD28D0E210713F000F1529A /* LaunchScreen.storyboard */; };
		8DD28D24210713F000F1529A /* AddToiletViewController.swift in Sources */ = {isa = PBXBuildFile; fileRef = 8DD28D10210713F000F1529A /* AddToiletViewController.swift */; };
		8DD28D25210713F000F1529A /* LoginViewController.swift in Sources */ = {isa = PBXBuildFile; fileRef = 8DD28D11210713F000F1529A /* LoginViewController.swift */; };
		8DD28D26210713F000F1529A /* MapViewController.swift in Sources */ = {isa = PBXBuildFile; fileRef = 8DD28D12210713F000F1529A /* MapViewController.swift */; };
		8DD28D27210713F000F1529A /* ToiletListViewController.swift in Sources */ = {isa = PBXBuildFile; fileRef = 8DD28D13210713F000F1529A /* ToiletListViewController.swift */; };
		8DD28D28210713F000F1529A /* HttpClient.swift in Sources */ = {isa = PBXBuildFile; fileRef = 8DD28D16210713F000F1529A /* HttpClient.swift */; };
		8DD28D29210713F000F1529A /* HttpConstants.swift in Sources */ = {isa = PBXBuildFile; fileRef = 8DD28D17210713F000F1529A /* HttpConstants.swift */; };
		8DD28D2A210713F000F1529A /* Toilet.swift in Sources */ = {isa = PBXBuildFile; fileRef = 8DD28D18210713F000F1529A /* Toilet.swift */; };
		8DD28D2B210713F000F1529A /* Toilets.swift in Sources */ = {isa = PBXBuildFile; fileRef = 8DD28D19210713F000F1529A /* Toilets.swift */; };
		8DD28D2C210713F000F1529A /* Constants.swift in Sources */ = {isa = PBXBuildFile; fileRef = 8DD28D1B210713F000F1529A /* Constants.swift */; };
		8DD28D2D210713F000F1529A /* Store.swift in Sources */ = {isa = PBXBuildFile; fileRef = 8DD28D1C210713F000F1529A /* Store.swift */; };
		8DD28D2E210713F000F1529A /* CIAddressTypeahead.swift in Sources */ = {isa = PBXBuildFile; fileRef = 8DD28D1E210713F000F1529A /* CIAddressTypeahead.swift */; };
		8DD28D2F210713F000F1529A /* CIToiletTableViewCell.swift in Sources */ = {isa = PBXBuildFile; fileRef = 8DD28D1F210713F000F1529A /* CIToiletTableViewCell.swift */; };
		B737B9D48B18382E89F0A14B /* Pods_CleanIndia.framework in Frameworks */ = {isa = PBXBuildFile; fileRef = 05A3865798DD350DDB4D3B95 /* Pods_CleanIndia.framework */; };
/* End PBXBuildFile section */

/* Begin PBXContainerItemProxy section */
		8D256E4F21070FD4006D5C7B /* PBXContainerItemProxy */ = {
			isa = PBXContainerItemProxy;
			containerPortal = 8D256E2F21070FD4006D5C7B /* Project object */;
			proxyType = 1;
			remoteGlobalIDString = 8D256E3621070FD4006D5C7B;
			remoteInfo = CleanIndia;
		};
		8D256E5A21070FD4006D5C7B /* PBXContainerItemProxy */ = {
			isa = PBXContainerItemProxy;
			containerPortal = 8D256E2F21070FD4006D5C7B /* Project object */;
			proxyType = 1;
			remoteGlobalIDString = 8D256E3621070FD4006D5C7B;
			remoteInfo = CleanIndia;
		};
/* End PBXContainerItemProxy section */

/* Begin PBXFileReference section */
		05A3865798DD350DDB4D3B95 /* Pods_CleanIndia.framework */ = {isa = PBXFileReference; explicitFileType = wrapper.framework; includeInIndex = 0; path = Pods_CleanIndia.framework; sourceTree = BUILT_PRODUCTS_DIR; };
		4FF98B973C1DF7AEA5016290 /* Pods-CleanIndia.debug.xcconfig */ = {isa = PBXFileReference; includeInIndex = 1; lastKnownFileType = text.xcconfig; name = "Pods-CleanIndia.debug.xcconfig"; path = "Pods/Target Support Files/Pods-CleanIndia/Pods-CleanIndia.debug.xcconfig"; sourceTree = "<group>"; };
		5BF99A9B7A07027F375D0A86 /* Pods-CleanIndia.release.xcconfig */ = {isa = PBXFileReference; includeInIndex = 1; lastKnownFileType = text.xcconfig; name = "Pods-CleanIndia.release.xcconfig"; path = "Pods/Target Support Files/Pods-CleanIndia/Pods-CleanIndia.release.xcconfig"; sourceTree = "<group>"; };
		8D256E3721070FD4006D5C7B /* CleanIndia.app */ = {isa = PBXFileReference; explicitFileType = wrapper.application; includeInIndex = 0; path = CleanIndia.app; sourceTree = BUILT_PRODUCTS_DIR; };
		8D256E3A21070FD4006D5C7B /* AppDelegate.swift */ = {isa = PBXFileReference; lastKnownFileType = sourcecode.swift; path = AppDelegate.swift; sourceTree = "<group>"; };
		8D256E4221070FD4006D5C7B /* CleanIndia.xcdatamodel */ = {isa = PBXFileReference; lastKnownFileType = wrapper.xcdatamodel; path = CleanIndia.xcdatamodel; sourceTree = "<group>"; };
		8D256E4421070FD4006D5C7B /* Assets.xcassets */ = {isa = PBXFileReference; lastKnownFileType = folder.assetcatalog; path = Assets.xcassets; sourceTree = "<group>"; };
		8D256E4921070FD4006D5C7B /* Info.plist */ = {isa = PBXFileReference; lastKnownFileType = text.plist.xml; path = Info.plist; sourceTree = "<group>"; };
		8D256E4E21070FD4006D5C7B /* CleanIndiaTests.xctest */ = {isa = PBXFileReference; explicitFileType = wrapper.cfbundle; includeInIndex = 0; path = CleanIndiaTests.xctest; sourceTree = BUILT_PRODUCTS_DIR; };
		8D256E5221070FD4006D5C7B /* CleanIndiaTests.swift */ = {isa = PBXFileReference; lastKnownFileType = sourcecode.swift; path = CleanIndiaTests.swift; sourceTree = "<group>"; };
		8D256E5421070FD4006D5C7B /* Info.plist */ = {isa = PBXFileReference; lastKnownFileType = text.plist.xml; path = Info.plist; sourceTree = "<group>"; };
		8D256E5921070FD4006D5C7B /* CleanIndiaUITests.xctest */ = {isa = PBXFileReference; explicitFileType = wrapper.cfbundle; includeInIndex = 0; path = CleanIndiaUITests.xctest; sourceTree = BUILT_PRODUCTS_DIR; };
		8D256E5D21070FD4006D5C7B /* CleanIndiaUITests.swift */ = {isa = PBXFileReference; lastKnownFileType = sourcecode.swift; path = CleanIndiaUITests.swift; sourceTree = "<group>"; };
		8D256E5F21070FD4006D5C7B /* Info.plist */ = {isa = PBXFileReference; lastKnownFileType = text.plist.xml; path = Info.plist; sourceTree = "<group>"; };
		8DD28D0C210713F000F1529A /* Main.storyboard */ = {isa = PBXFileReference; fileEncoding = 4; lastKnownFileType = file.storyboard; path = Main.storyboard; sourceTree = "<group>"; };
		8DD28D0D210713F000F1529A /* GoogleService-Info.plist */ = {isa = PBXFileReference; fileEncoding = 4; lastKnownFileType = text.plist.xml; path = "GoogleService-Info.plist"; sourceTree = "<group>"; };
		8DD28D0E210713F000F1529A /* LaunchScreen.storyboard */ = {isa = PBXFileReference; fileEncoding = 4; lastKnownFileType = file.storyboard; path = LaunchScreen.storyboard; sourceTree = "<group>"; };
		8DD28D10210713F000F1529A /* AddToiletViewController.swift */ = {isa = PBXFileReference; fileEncoding = 4; lastKnownFileType = sourcecode.swift; path = AddToiletViewController.swift; sourceTree = "<group>"; };
		8DD28D11210713F000F1529A /* LoginViewController.swift */ = {isa = PBXFileReference; fileEncoding = 4; lastKnownFileType = sourcecode.swift; path = LoginViewController.swift; sourceTree = "<group>"; };
		8DD28D12210713F000F1529A /* MapViewController.swift */ = {isa = PBXFileReference; fileEncoding = 4; lastKnownFileType = sourcecode.swift; path = MapViewController.swift; sourceTree = "<group>"; };
		8DD28D13210713F000F1529A /* ToiletListViewController.swift */ = {isa = PBXFileReference; fileEncoding = 4; lastKnownFileType = sourcecode.swift; path = ToiletListViewController.swift; sourceTree = "<group>"; };
		8DD28D16210713F000F1529A /* HttpClient.swift */ = {isa = PBXFileReference; fileEncoding = 4; lastKnownFileType = sourcecode.swift; path = HttpClient.swift; sourceTree = "<group>"; };
		8DD28D17210713F000F1529A /* HttpConstants.swift */ = {isa = PBXFileReference; fileEncoding = 4; lastKnownFileType = sourcecode.swift; path = HttpConstants.swift; sourceTree = "<group>"; };
		8DD28D18210713F000F1529A /* Toilet.swift */ = {isa = PBXFileReference; fileEncoding = 4; lastKnownFileType = sourcecode.swift; path = Toilet.swift; sourceTree = "<group>"; };
		8DD28D19210713F000F1529A /* Toilets.swift */ = {isa = PBXFileReference; fileEncoding = 4; lastKnownFileType = sourcecode.swift; path = Toilets.swift; sourceTree = "<group>"; };
		8DD28D1B210713F000F1529A /* Constants.swift */ = {isa = PBXFileReference; fileEncoding = 4; lastKnownFileType = sourcecode.swift; path = Constants.swift; sourceTree = "<group>"; };
		8DD28D1C210713F000F1529A /* Store.swift */ = {isa = PBXFileReference; fileEncoding = 4; lastKnownFileType = sourcecode.swift; path = Store.swift; sourceTree = "<group>"; };
		8DD28D1E210713F000F1529A /* CIAddressTypeahead.swift */ = {isa = PBXFileReference; fileEncoding = 4; lastKnownFileType = sourcecode.swift; path = CIAddressTypeahead.swift; sourceTree = "<group>"; };
		8DD28D1F210713F000F1529A /* CIToiletTableViewCell.swift */ = {isa = PBXFileReference; fileEncoding = 4; lastKnownFileType = sourcecode.swift; path = CIToiletTableViewCell.swift; sourceTree = "<group>"; };
		8DD28D20210713F000F1529A /* CleanIndia-Bridging-Header.h */ = {isa = PBXFileReference; fileEncoding = 4; lastKnownFileType = sourcecode.c.h; path = "CleanIndia-Bridging-Header.h"; sourceTree = "<group>"; };
/* End PBXFileReference section */

/* Begin PBXFrameworksBuildPhase section */
		8D256E3421070FD4006D5C7B /* Frameworks */ = {
			isa = PBXFrameworksBuildPhase;
			buildActionMask = 2147483647;
			files = (
				B737B9D48B18382E89F0A14B /* Pods_CleanIndia.framework in Frameworks */,
			);
			runOnlyForDeploymentPostprocessing = 0;
		};
		8D256E4B21070FD4006D5C7B /* Frameworks */ = {
			isa = PBXFrameworksBuildPhase;
			buildActionMask = 2147483647;
			files = (
			);
			runOnlyForDeploymentPostprocessing = 0;
		};
		8D256E5621070FD4006D5C7B /* Frameworks */ = {
			isa = PBXFrameworksBuildPhase;
			buildActionMask = 2147483647;
			files = (
			);
			runOnlyForDeploymentPostprocessing = 0;
		};
/* End PBXFrameworksBuildPhase section */

/* Begin PBXGroup section */
		8D256E2E21070FD4006D5C7B = {
			isa = PBXGroup;
			children = (
				8D256E3921070FD4006D5C7B /* CleanIndia */,
				8D256E5121070FD4006D5C7B /* CleanIndiaTests */,
				8D256E5C21070FD4006D5C7B /* CleanIndiaUITests */,
				8D256E3821070FD4006D5C7B /* Products */,
				93DC6AB37BD3BC19661F82FD /* Pods */,
				CBAD530E7DE5CAC47EE79771 /* Frameworks */,
			);
			sourceTree = "<group>";
		};
		8D256E3821070FD4006D5C7B /* Products */ = {
			isa = PBXGroup;
			children = (
				8D256E3721070FD4006D5C7B /* CleanIndia.app */,
				8D256E4E21070FD4006D5C7B /* CleanIndiaTests.xctest */,
				8D256E5921070FD4006D5C7B /* CleanIndiaUITests.xctest */,
			);
			name = Products;
			sourceTree = "<group>";
		};
		8D256E3921070FD4006D5C7B /* CleanIndia */ = {
			isa = PBXGroup;
			children = (
				8DD28D20210713F000F1529A /* CleanIndia-Bridging-Header.h */,
				8DD28D0D210713F000F1529A /* GoogleService-Info.plist */,
				8DD28D0E210713F000F1529A /* LaunchScreen.storyboard */,
				8DD28D0C210713F000F1529A /* Main.storyboard */,
				8DD28D14210713F000F1529A /* model */,
				8DD28D1A210713F000F1529A /* utilities */,
				8DD28D1D210713F000F1529A /* View */,
				8DD28D0F210713F000F1529A /* viewcontrollers */,
				8D256E3A21070FD4006D5C7B /* AppDelegate.swift */,
				8D256E4421070FD4006D5C7B /* Assets.xcassets */,
				8D256E4921070FD4006D5C7B /* Info.plist */,
				8D256E4121070FD4006D5C7B /* CleanIndia.xcdatamodeld */,
			);
			path = CleanIndia;
			sourceTree = "<group>";
		};
		8D256E5121070FD4006D5C7B /* CleanIndiaTests */ = {
			isa = PBXGroup;
			children = (
				8D256E5221070FD4006D5C7B /* CleanIndiaTests.swift */,
				8D256E5421070FD4006D5C7B /* Info.plist */,
			);
			path = CleanIndiaTests;
			sourceTree = "<group>";
		};
		8D256E5C21070FD4006D5C7B /* CleanIndiaUITests */ = {
			isa = PBXGroup;
			children = (
				8D256E5D21070FD4006D5C7B /* CleanIndiaUITests.swift */,
				8D256E5F21070FD4006D5C7B /* Info.plist */,
			);
			path = CleanIndiaUITests;
			sourceTree = "<group>";
		};
		8DD28D0F210713F000F1529A /* viewcontrollers */ = {
			isa = PBXGroup;
			children = (
				8DD28D10210713F000F1529A /* AddToiletViewController.swift */,
				8DD28D11210713F000F1529A /* LoginViewController.swift */,
				8DD28D12210713F000F1529A /* MapViewController.swift */,
				8DD28D13210713F000F1529A /* ToiletListViewController.swift */,
			);
			path = viewcontrollers;
			sourceTree = "<group>";
		};
		8DD28D14210713F000F1529A /* model */ = {
			isa = PBXGroup;
			children = (
				8DD28D15210713F000F1529A /* client */,
				8DD28D18210713F000F1529A /* Toilet.swift */,
				8DD28D19210713F000F1529A /* Toilets.swift */,
			);
			path = model;
			sourceTree = "<group>";
		};
		8DD28D15210713F000F1529A /* client */ = {
			isa = PBXGroup;
			children = (
				8DD28D16210713F000F1529A /* HttpClient.swift */,
				8DD28D17210713F000F1529A /* HttpConstants.swift */,
			);
			path = client;
			sourceTree = "<group>";
		};
		8DD28D1A210713F000F1529A /* utilities */ = {
			isa = PBXGroup;
			children = (
				8DD28D1B210713F000F1529A /* Constants.swift */,
				8DD28D1C210713F000F1529A /* Store.swift */,
			);
			path = utilities;
			sourceTree = "<group>";
		};
		8DD28D1D210713F000F1529A /* View */ = {
			isa = PBXGroup;
			children = (
				8DD28D1E210713F000F1529A /* CIAddressTypeahead.swift */,
				8DD28D1F210713F000F1529A /* CIToiletTableViewCell.swift */,
			);
			path = View;
			sourceTree = "<group>";
		};
		93DC6AB37BD3BC19661F82FD /* Pods */ = {
			isa = PBXGroup;
			children = (
				4FF98B973C1DF7AEA5016290 /* Pods-CleanIndia.debug.xcconfig */,
				5BF99A9B7A07027F375D0A86 /* Pods-CleanIndia.release.xcconfig */,
			);
			name = Pods;
			sourceTree = "<group>";
		};
		CBAD530E7DE5CAC47EE79771 /* Frameworks */ = {
			isa = PBXGroup;
			children = (
				05A3865798DD350DDB4D3B95 /* Pods_CleanIndia.framework */,
			);
			name = Frameworks;
			sourceTree = "<group>";
		};
/* End PBXGroup section */

/* Begin PBXNativeTarget section */
		8D256E3621070FD4006D5C7B /* CleanIndia */ = {
			isa = PBXNativeTarget;
			buildConfigurationList = 8D256E6221070FD4006D5C7B /* Build configuration list for PBXNativeTarget "CleanIndia" */;
			buildPhases = (
				BFA718CE8E21934E2A3B22E7 /* [CP] Check Pods Manifest.lock */,
				8D256E3321070FD4006D5C7B /* Sources */,
				8D256E3421070FD4006D5C7B /* Frameworks */,
				8D256E3521070FD4006D5C7B /* Resources */,
				2200715AD7AD1590BDBBB8D0 /* [CP] Embed Pods Frameworks */,
			);
			buildRules = (
			);
			dependencies = (
			);
			name = CleanIndia;
			productName = CleanIndia;
			productReference = 8D256E3721070FD4006D5C7B /* CleanIndia.app */;
			productType = "com.apple.product-type.application";
		};
		8D256E4D21070FD4006D5C7B /* CleanIndiaTests */ = {
			isa = PBXNativeTarget;
			buildConfigurationList = 8D256E6521070FD4006D5C7B /* Build configuration list for PBXNativeTarget "CleanIndiaTests" */;
			buildPhases = (
				8D256E4A21070FD4006D5C7B /* Sources */,
				8D256E4B21070FD4006D5C7B /* Frameworks */,
				8D256E4C21070FD4006D5C7B /* Resources */,
			);
			buildRules = (
			);
			dependencies = (
				8D256E5021070FD4006D5C7B /* PBXTargetDependency */,
			);
			name = CleanIndiaTests;
			productName = CleanIndiaTests;
			productReference = 8D256E4E21070FD4006D5C7B /* CleanIndiaTests.xctest */;
			productType = "com.apple.product-type.bundle.unit-test";
		};
		8D256E5821070FD4006D5C7B /* CleanIndiaUITests */ = {
			isa = PBXNativeTarget;
			buildConfigurationList = 8D256E6821070FD4006D5C7B /* Build configuration list for PBXNativeTarget "CleanIndiaUITests" */;
			buildPhases = (
				8D256E5521070FD4006D5C7B /* Sources */,
				8D256E5621070FD4006D5C7B /* Frameworks */,
				8D256E5721070FD4006D5C7B /* Resources */,
			);
			buildRules = (
			);
			dependencies = (
				8D256E5B21070FD4006D5C7B /* PBXTargetDependency */,
			);
			name = CleanIndiaUITests;
			productName = CleanIndiaUITests;
			productReference = 8D256E5921070FD4006D5C7B /* CleanIndiaUITests.xctest */;
			productType = "com.apple.product-type.bundle.ui-testing";
		};
/* End PBXNativeTarget section */

/* Begin PBXProject section */
		8D256E2F21070FD4006D5C7B /* Project object */ = {
			isa = PBXProject;
			attributes = {
				LastSwiftUpdateCheck = 0920;
				LastUpgradeCheck = 0920;
				ORGANIZATIONNAME = Lucky;
				TargetAttributes = {
					8D256E3621070FD4006D5C7B = {
						CreatedOnToolsVersion = 9.2;
						ProvisioningStyle = Automatic;
					};
					8D256E4D21070FD4006D5C7B = {
						CreatedOnToolsVersion = 9.2;
						ProvisioningStyle = Automatic;
						TestTargetID = 8D256E3621070FD4006D5C7B;
					};
					8D256E5821070FD4006D5C7B = {
						CreatedOnToolsVersion = 9.2;
						ProvisioningStyle = Automatic;
						TestTargetID = 8D256E3621070FD4006D5C7B;
					};
				};
			};
			buildConfigurationList = 8D256E3221070FD4006D5C7B /* Build configuration list for PBXProject "CleanIndia" */;
			compatibilityVersion = "Xcode 8.0";
			developmentRegion = en;
			hasScannedForEncodings = 0;
			knownRegions = (
				en,
				Base,
			);
			mainGroup = 8D256E2E21070FD4006D5C7B;
			productRefGroup = 8D256E3821070FD4006D5C7B /* Products */;
			projectDirPath = "";
			projectRoot = "";
			targets = (
				8D256E3621070FD4006D5C7B /* CleanIndia */,
				8D256E4D21070FD4006D5C7B /* CleanIndiaTests */,
				8D256E5821070FD4006D5C7B /* CleanIndiaUITests */,
			);
		};
/* End PBXProject section */

/* Begin PBXResourcesBuildPhase section */
		8D256E3521070FD4006D5C7B /* Resources */ = {
			isa = PBXResourcesBuildPhase;
			buildActionMask = 2147483647;
			files = (
				8D256E4521070FD4006D5C7B /* Assets.xcassets in Resources */,
				8DD28D23210713F000F1529A /* LaunchScreen.storyboard in Resources */,
				8DD28D21210713F000F1529A /* Main.storyboard in Resources */,
				8DD28D22210713F000F1529A /* GoogleService-Info.plist in Resources */,
			);
			runOnlyForDeploymentPostprocessing = 0;
		};
		8D256E4C21070FD4006D5C7B /* Resources */ = {
			isa = PBXResourcesBuildPhase;
			buildActionMask = 2147483647;
			files = (
			);
			runOnlyForDeploymentPostprocessing = 0;
		};
		8D256E5721070FD4006D5C7B /* Resources */ = {
			isa = PBXResourcesBuildPhase;
			buildActionMask = 2147483647;
			files = (
			);
			runOnlyForDeploymentPostprocessing = 0;
		};
/* End PBXResourcesBuildPhase section */

/* Begin PBXShellScriptBuildPhase section */
		2200715AD7AD1590BDBBB8D0 /* [CP] Embed Pods Frameworks */ = {
			isa = PBXShellScriptBuildPhase;
			buildActionMask = 2147483647;
			files = (
			);
			inputPaths = (
				"${SRCROOT}/Pods/Target Support Files/Pods-CleanIndia/Pods-CleanIndia-frameworks.sh",
				"${BUILT_PRODUCTS_DIR}/BoringSSL/openssl.framework",
				"${BUILT_PRODUCTS_DIR}/GTMSessionFetcher/GTMSessionFetcher.framework",
				"${BUILT_PRODUCTS_DIR}/GoogleToolboxForMac/GoogleToolboxForMac.framework",
				"${BUILT_PRODUCTS_DIR}/Protobuf/Protobuf.framework",
				"${BUILT_PRODUCTS_DIR}/gRPC/GRPCClient.framework",
				"${BUILT_PRODUCTS_DIR}/gRPC-Core/grpc.framework",
				"${BUILT_PRODUCTS_DIR}/gRPC-ProtoRPC/ProtoRPC.framework",
				"${BUILT_PRODUCTS_DIR}/gRPC-RxLibrary/RxLibrary.framework",
				"${BUILT_PRODUCTS_DIR}/leveldb-library/leveldb.framework",
				"${BUILT_PRODUCTS_DIR}/nanopb/nanopb.framework",
			);
			name = "[CP] Embed Pods Frameworks";
			outputPaths = (
				"${TARGET_BUILD_DIR}/${FRAMEWORKS_FOLDER_PATH}/openssl.framework",
				"${TARGET_BUILD_DIR}/${FRAMEWORKS_FOLDER_PATH}/GTMSessionFetcher.framework",
				"${TARGET_BUILD_DIR}/${FRAMEWORKS_FOLDER_PATH}/GoogleToolboxForMac.framework",
				"${TARGET_BUILD_DIR}/${FRAMEWORKS_FOLDER_PATH}/Protobuf.framework",
				"${TARGET_BUILD_DIR}/${FRAMEWORKS_FOLDER_PATH}/GRPCClient.framework",
				"${TARGET_BUILD_DIR}/${FRAMEWORKS_FOLDER_PATH}/grpc.framework",
				"${TARGET_BUILD_DIR}/${FRAMEWORKS_FOLDER_PATH}/ProtoRPC.framework",
				"${TARGET_BUILD_DIR}/${FRAMEWORKS_FOLDER_PATH}/RxLibrary.framework",
				"${TARGET_BUILD_DIR}/${FRAMEWORKS_FOLDER_PATH}/leveldb.framework",
				"${TARGET_BUILD_DIR}/${FRAMEWORKS_FOLDER_PATH}/nanopb.framework",
			);
			runOnlyForDeploymentPostprocessing = 0;
			shellPath = /bin/sh;
			shellScript = "\"${SRCROOT}/Pods/Target Support Files/Pods-CleanIndia/Pods-CleanIndia-frameworks.sh\"\n";
			showEnvVarsInLog = 0;
		};
		BFA718CE8E21934E2A3B22E7 /* [CP] Check Pods Manifest.lock */ = {
			isa = PBXShellScriptBuildPhase;
			buildActionMask = 2147483647;
			files = (
			);
			inputPaths = (
				"${PODS_PODFILE_DIR_PATH}/Podfile.lock",
				"${PODS_ROOT}/Manifest.lock",
			);
			name = "[CP] Check Pods Manifest.lock";
			outputPaths = (
				"$(DERIVED_FILE_DIR)/Pods-CleanIndia-checkManifestLockResult.txt",
			);
			runOnlyForDeploymentPostprocessing = 0;
			shellPath = /bin/sh;
			shellScript = "diff \"${PODS_PODFILE_DIR_PATH}/Podfile.lock\" \"${PODS_ROOT}/Manifest.lock\" > /dev/null\nif [ $? != 0 ] ; then\n    # print error to STDERR\n    echo \"error: The sandbox is not in sync with the Podfile.lock. Run 'pod install' or update your CocoaPods installation.\" >&2\n    exit 1\nfi\n# This output is used by Xcode 'outputs' to avoid re-running this script phase.\necho \"SUCCESS\" > \"${SCRIPT_OUTPUT_FILE_0}\"\n";
			showEnvVarsInLog = 0;
		};
/* End PBXShellScriptBuildPhase section */

/* Begin PBXSourcesBuildPhase section */
		8D256E3321070FD4006D5C7B /* Sources */ = {
			isa = PBXSourcesBuildPhase;
			buildActionMask = 2147483647;
			files = (
				8DD28D2F210713F000F1529A /* CIToiletTableViewCell.swift in Sources */,
				8DD28D2E210713F000F1529A /* CIAddressTypeahead.swift in Sources */,
				8DD28D2B210713F000F1529A /* Toilets.swift in Sources */,
				8DD28D2C210713F000F1529A /* Constants.swift in Sources */,
				8DD28D25210713F000F1529A /* LoginViewController.swift in Sources */,
				8DD28D2D210713F000F1529A /* Store.swift in Sources */,
				8DD28D24210713F000F1529A /* AddToiletViewController.swift in Sources */,
				8DD28D2A210713F000F1529A /* Toilet.swift in Sources */,
				8D256E3B21070FD4006D5C7B /* AppDelegate.swift in Sources */,
				8DD28D29210713F000F1529A /* HttpConstants.swift in Sources */,
				8DD28D26210713F000F1529A /* MapViewController.swift in Sources */,
				8DD28D28210713F000F1529A /* HttpClient.swift in Sources */,
				8D256E4321070FD4006D5C7B /* CleanIndia.xcdatamodeld in Sources */,
				8DD28D27210713F000F1529A /* ToiletListViewController.swift in Sources */,
			);
			runOnlyForDeploymentPostprocessing = 0;
		};
		8D256E4A21070FD4006D5C7B /* Sources */ = {
			isa = PBXSourcesBuildPhase;
			buildActionMask = 2147483647;
			files = (
				8D256E5321070FD4006D5C7B /* CleanIndiaTests.swift in Sources */,
			);
			runOnlyForDeploymentPostprocessing = 0;
		};
		8D256E5521070FD4006D5C7B /* Sources */ = {
			isa = PBXSourcesBuildPhase;
			buildActionMask = 2147483647;
			files = (
				8D256E5E21070FD4006D5C7B /* CleanIndiaUITests.swift in Sources */,
			);
			runOnlyForDeploymentPostprocessing = 0;
		};
/* End PBXSourcesBuildPhase section */

/* Begin PBXTargetDependency section */
		8D256E5021070FD4006D5C7B /* PBXTargetDependency */ = {
			isa = PBXTargetDependency;
			target = 8D256E3621070FD4006D5C7B /* CleanIndia */;
			targetProxy = 8D256E4F21070FD4006D5C7B /* PBXContainerItemProxy */;
		};
		8D256E5B21070FD4006D5C7B /* PBXTargetDependency */ = {
			isa = PBXTargetDependency;
			target = 8D256E3621070FD4006D5C7B /* CleanIndia */;
			targetProxy = 8D256E5A21070FD4006D5C7B /* PBXContainerItemProxy */;
		};
/* End PBXTargetDependency section */

/* Begin XCBuildConfiguration section */
		8D256E6021070FD4006D5C7B /* Debug */ = {
			isa = XCBuildConfiguration;
			buildSettings = {
				ALWAYS_SEARCH_USER_PATHS = NO;
				CLANG_ANALYZER_NONNULL = YES;
				CLANG_ANALYZER_NUMBER_OBJECT_CONVERSION = YES_AGGRESSIVE;
				CLANG_CXX_LANGUAGE_STANDARD = "gnu++14";
				CLANG_CXX_LIBRARY = "libc++";
				CLANG_ENABLE_MODULES = YES;
				CLANG_ENABLE_OBJC_ARC = YES;
				CLANG_WARN_BLOCK_CAPTURE_AUTORELEASING = YES;
				CLANG_WARN_BOOL_CONVERSION = YES;
				CLANG_WARN_COMMA = YES;
				CLANG_WARN_CONSTANT_CONVERSION = YES;
				CLANG_WARN_DIRECT_OBJC_ISA_USAGE = YES_ERROR;
				CLANG_WARN_DOCUMENTATION_COMMENTS = YES;
				CLANG_WARN_EMPTY_BODY = YES;
				CLANG_WARN_ENUM_CONVERSION = YES;
				CLANG_WARN_INFINITE_RECURSION = YES;
				CLANG_WARN_INT_CONVERSION = YES;
				CLANG_WARN_NON_LITERAL_NULL_CONVERSION = YES;
				CLANG_WARN_OBJC_LITERAL_CONVERSION = YES;
				CLANG_WARN_OBJC_ROOT_CLASS = YES_ERROR;
				CLANG_WARN_RANGE_LOOP_ANALYSIS = YES;
				CLANG_WARN_STRICT_PROTOTYPES = YES;
				CLANG_WARN_SUSPICIOUS_MOVE = YES;
				CLANG_WARN_UNGUARDED_AVAILABILITY = YES_AGGRESSIVE;
				CLANG_WARN_UNREACHABLE_CODE = YES;
				CLANG_WARN__DUPLICATE_METHOD_MATCH = YES;
				CODE_SIGN_IDENTITY = "iPhone Developer";
				COPY_PHASE_STRIP = NO;
				DEBUG_INFORMATION_FORMAT = dwarf;
				ENABLE_STRICT_OBJC_MSGSEND = YES;
				ENABLE_TESTABILITY = YES;
				GCC_C_LANGUAGE_STANDARD = gnu11;
				GCC_DYNAMIC_NO_PIC = NO;
				GCC_NO_COMMON_BLOCKS = YES;
				GCC_OPTIMIZATION_LEVEL = 0;
				GCC_PREPROCESSOR_DEFINITIONS = (
					"DEBUG=1",
					"$(inherited)",
				);
				GCC_WARN_64_TO_32_BIT_CONVERSION = YES;
				GCC_WARN_ABOUT_RETURN_TYPE = YES_ERROR;
				GCC_WARN_UNDECLARED_SELECTOR = YES;
				GCC_WARN_UNINITIALIZED_AUTOS = YES_AGGRESSIVE;
				GCC_WARN_UNUSED_FUNCTION = YES;
				GCC_WARN_UNUSED_VARIABLE = YES;
				IPHONEOS_DEPLOYMENT_TARGET = 11.0;
				MTL_ENABLE_DEBUG_INFO = YES;
				ONLY_ACTIVE_ARCH = YES;
				SDKROOT = iphoneos;
				SWIFT_ACTIVE_COMPILATION_CONDITIONS = DEBUG;
				SWIFT_OPTIMIZATION_LEVEL = "-Onone";
			};
			name = Debug;
		};
		8D256E6121070FD4006D5C7B /* Release */ = {
			isa = XCBuildConfiguration;
			buildSettings = {
				ALWAYS_SEARCH_USER_PATHS = NO;
				CLANG_ANALYZER_NONNULL = YES;
				CLANG_ANALYZER_NUMBER_OBJECT_CONVERSION = YES_AGGRESSIVE;
				CLANG_CXX_LANGUAGE_STANDARD = "gnu++14";
				CLANG_CXX_LIBRARY = "libc++";
				CLANG_ENABLE_MODULES = YES;
				CLANG_ENABLE_OBJC_ARC = YES;
				CLANG_WARN_BLOCK_CAPTURE_AUTORELEASING = YES;
				CLANG_WARN_BOOL_CONVERSION = YES;
				CLANG_WARN_COMMA = YES;
				CLANG_WARN_CONSTANT_CONVERSION = YES;
				CLANG_WARN_DIRECT_OBJC_ISA_USAGE = YES_ERROR;
				CLANG_WARN_DOCUMENTATION_COMMENTS = YES;
				CLANG_WARN_EMPTY_BODY = YES;
				CLANG_WARN_ENUM_CONVERSION = YES;
				CLANG_WARN_INFINITE_RECURSION = YES;
				CLANG_WARN_INT_CONVERSION = YES;
				CLANG_WARN_NON_LITERAL_NULL_CONVERSION = YES;
				CLANG_WARN_OBJC_LITERAL_CONVERSION = YES;
				CLANG_WARN_OBJC_ROOT_CLASS = YES_ERROR;
				CLANG_WARN_RANGE_LOOP_ANALYSIS = YES;
				CLANG_WARN_STRICT_PROTOTYPES = YES;
				CLANG_WARN_SUSPICIOUS_MOVE = YES;
				CLANG_WARN_UNGUARDED_AVAILABILITY = YES_AGGRESSIVE;
				CLANG_WARN_UNREACHABLE_CODE = YES;
				CLANG_WARN__DUPLICATE_METHOD_MATCH = YES;
				CODE_SIGN_IDENTITY = "iPhone Developer";
				COPY_PHASE_STRIP = NO;
				DEBUG_INFORMATION_FORMAT = "dwarf-with-dsym";
				ENABLE_NS_ASSERTIONS = NO;
				ENABLE_STRICT_OBJC_MSGSEND = YES;
				GCC_C_LANGUAGE_STANDARD = gnu11;
				GCC_NO_COMMON_BLOCKS = YES;
				GCC_WARN_64_TO_32_BIT_CONVERSION = YES;
				GCC_WARN_ABOUT_RETURN_TYPE = YES_ERROR;
				GCC_WARN_UNDECLARED_SELECTOR = YES;
				GCC_WARN_UNINITIALIZED_AUTOS = YES_AGGRESSIVE;
				GCC_WARN_UNUSED_FUNCTION = YES;
				GCC_WARN_UNUSED_VARIABLE = YES;
				IPHONEOS_DEPLOYMENT_TARGET = 11.0;
				MTL_ENABLE_DEBUG_INFO = NO;
				SDKROOT = iphoneos;
				SWIFT_OPTIMIZATION_LEVEL = "-Owholemodule";
				VALIDATE_PRODUCT = YES;
			};
			name = Release;
		};
		8D256E6321070FD4006D5C7B /* Debug */ = {
			isa = XCBuildConfiguration;
			baseConfigurationReference = 4FF98B973C1DF7AEA5016290 /* Pods-CleanIndia.debug.xcconfig */;
			buildSettings = {
				ASSETCATALOG_COMPILER_APPICON_NAME = AppIcon;
				ASSETCATALOG_COMPILER_LAUNCHIMAGE_NAME = LaunchImage;
				CODE_SIGN_STYLE = Automatic;
				DEVELOPMENT_TEAM = 5G4668L2TD;
				INFOPLIST_FILE = CleanIndia/Info.plist;
				LD_RUNPATH_SEARCH_PATHS = "$(inherited) @executable_path/Frameworks";
				PRODUCT_BUNDLE_IDENTIFIER = MAss.CleanIndia;
				PRODUCT_NAME = "$(TARGET_NAME)";
				SWIFT_VERSION = 4.0;
				TARGETED_DEVICE_FAMILY = 1;
			};
			name = Debug;
		};
		8D256E6421070FD4006D5C7B /* Release */ = {
			isa = XCBuildConfiguration;
			baseConfigurationReference = 5BF99A9B7A07027F375D0A86 /* Pods-CleanIndia.release.xcconfig */;
			buildSettings = {
				ASSETCATALOG_COMPILER_APPICON_NAME = AppIcon;
				ASSETCATALOG_COMPILER_LAUNCHIMAGE_NAME = LaunchImage;
				CODE_SIGN_STYLE = Automatic;
				DEVELOPMENT_TEAM = 5G4668L2TD;
				INFOPLIST_FILE = CleanIndia/Info.plist;
				LD_RUNPATH_SEARCH_PATHS = "$(inherited) @executable_path/Frameworks";
				PRODUCT_BUNDLE_IDENTIFIER = MAss.CleanIndia;
				PRODUCT_NAME = "$(TARGET_NAME)";
				SWIFT_VERSION = 4.0;
				TARGETED_DEVICE_FAMILY = 1;
			};
			name = Release;
		};
		8D256E6621070FD4006D5C7B /* Debug */ = {
			isa = XCBuildConfiguration;
			buildSettings = {
				ALWAYS_EMBED_SWIFT_STANDARD_LIBRARIES = YES;
				BUNDLE_LOADER = "$(TEST_HOST)";
				CODE_SIGN_STYLE = Automatic;
				INFOPLIST_FILE = CleanIndiaTests/Info.plist;
				LD_RUNPATH_SEARCH_PATHS = "$(inherited) @executable_path/Frameworks @loader_path/Frameworks";
				PRODUCT_BUNDLE_IDENTIFIER = MAss.CleanIndiaTests;
				PRODUCT_NAME = "$(TARGET_NAME)";
				SWIFT_VERSION = 4.0;
				TARGETED_DEVICE_FAMILY = "1,2";
				TEST_HOST = "$(BUILT_PRODUCTS_DIR)/CleanIndia.app/CleanIndia";
			};
			name = Debug;
		};
		8D256E6721070FD4006D5C7B /* Release */ = {
			isa = XCBuildConfiguration;
			buildSettings = {
				ALWAYS_EMBED_SWIFT_STANDARD_LIBRARIES = YES;
				BUNDLE_LOADER = "$(TEST_HOST)";
				CODE_SIGN_STYLE = Automatic;
				INFOPLIST_FILE = CleanIndiaTests/Info.plist;
				LD_RUNPATH_SEARCH_PATHS = "$(inherited) @executable_path/Frameworks @loader_path/Frameworks";
				PRODUCT_BUNDLE_IDENTIFIER = MAss.CleanIndiaTests;
				PRODUCT_NAME = "$(TARGET_NAME)";
				SWIFT_VERSION = 4.0;
				TARGETED_DEVICE_FAMILY = "1,2";
				TEST_HOST = "$(BUILT_PRODUCTS_DIR)/CleanIndia.app/CleanIndia";
			};
			name = Release;
		};
		8D256E6921070FD4006D5C7B /* Debug */ = {
			isa = XCBuildConfiguration;
			buildSettings = {
				ALWAYS_EMBED_SWIFT_STANDARD_LIBRARIES = YES;
				CODE_SIGN_STYLE = Automatic;
				INFOPLIST_FILE = CleanIndiaUITests/Info.plist;
				LD_RUNPATH_SEARCH_PATHS = "$(inherited) @executable_path/Frameworks @loader_path/Frameworks";
				PRODUCT_BUNDLE_IDENTIFIER = MAss.CleanIndiaUITests;
				PRODUCT_NAME = "$(TARGET_NAME)";
				SWIFT_VERSION = 4.0;
				TARGETED_DEVICE_FAMILY = "1,2";
				TEST_TARGET_NAME = CleanIndia;
			};
			name = Debug;
		};
		8D256E6A21070FD4006D5C7B /* Release */ = {
			isa = XCBuildConfiguration;
			buildSettings = {
				ALWAYS_EMBED_SWIFT_STANDARD_LIBRARIES = YES;
				CODE_SIGN_STYLE = Automatic;
				INFOPLIST_FILE = CleanIndiaUITests/Info.plist;
				LD_RUNPATH_SEARCH_PATHS = "$(inherited) @executable_path/Frameworks @loader_path/Frameworks";
				PRODUCT_BUNDLE_IDENTIFIER = MAss.CleanIndiaUITests;
				PRODUCT_NAME = "$(TARGET_NAME)";
				SWIFT_VERSION = 4.0;
				TARGETED_DEVICE_FAMILY = "1,2";
				TEST_TARGET_NAME = CleanIndia;
			};
			name = Release;
		};
/* End XCBuildConfiguration section */

/* Begin XCConfigurationList section */
		8D256E3221070FD4006D5C7B /* Build configuration list for PBXProject "CleanIndia" */ = {
			isa = XCConfigurationList;
			buildConfigurations = (
				8D256E6021070FD4006D5C7B /* Debug */,
				8D256E6121070FD4006D5C7B /* Release */,
			);
			defaultConfigurationIsVisible = 0;
			defaultConfigurationName = Release;
		};
		8D256E6221070FD4006D5C7B /* Build configuration list for PBXNativeTarget "CleanIndia" */ = {
			isa = XCConfigurationList;
			buildConfigurations = (
				8D256E6321070FD4006D5C7B /* Debug */,
				8D256E6421070FD4006D5C7B /* Release */,
			);
			defaultConfigurationIsVisible = 0;
			defaultConfigurationName = Release;
		};
		8D256E6521070FD4006D5C7B /* Build configuration list for PBXNativeTarget "CleanIndiaTests" */ = {
			isa = XCConfigurationList;
			buildConfigurations = (
				8D256E6621070FD4006D5C7B /* Debug */,
				8D256E6721070FD4006D5C7B /* Release */,
			);
			defaultConfigurationIsVisible = 0;
			defaultConfigurationName = Release;
		};
		8D256E6821070FD4006D5C7B /* Build configuration list for PBXNativeTarget "CleanIndiaUITests" */ = {
			isa = XCConfigurationList;
			buildConfigurations = (
				8D256E6921070FD4006D5C7B /* Debug */,
				8D256E6A21070FD4006D5C7B /* Release */,
			);
			defaultConfigurationIsVisible = 0;
			defaultConfigurationName = Release;
		};
/* End XCConfigurationList section */

/* Begin XCVersionGroup section */
		8D256E4121070FD4006D5C7B /* CleanIndia.xcdatamodeld */ = {
			isa = XCVersionGroup;
			children = (
				8D256E4221070FD4006D5C7B /* CleanIndia.xcdatamodel */,
			);
			currentVersion = 8D256E4221070FD4006D5C7B /* CleanIndia.xcdatamodel */;
			path = CleanIndia.xcdatamodeld;
			sourceTree = "<group>";
			versionGroupType = wrapper.xcdatamodel;
		};
/* End XCVersionGroup section */
	};
	rootObject = 8D256E2F21070FD4006D5C7B /* Project object */;
}
